{
  "pins" : [
    {
      "identity" : "reactbridge",
      "kind" : "remoteSourceControl",
      "location" : "https://github.com/ikhvorost/ReactBridge.git",
      "state" : {
        "revision" : "83b1d2d25142de6ed614b29bbac0acd29e3365c9",
        "version" : "1.0.4"
      }
    },
    {
      "identity" : "swift-syntax",
      "kind" : "remoteSourceControl",
      "location" : "https://github.com/apple/swift-syntax.git",
      "state" : {
        "revision" : "64889f0c732f210a935a0ad7cda38f77f876262d",
        "version" : "509.1.1"
      }
    }
  ],
  "version" : 2
}
