// !$*UTF8*$!
{
	archiveVersion = 1;
	classes = {
	};
	objectVersion = 56;
	objects = {

/* Begin PBXBuildFile section */
		2653BB172B7A307F0077B112 /* AppDelegate.swift in Sources */ = {isa = PBXBuildFile; fileRef = 2653BB162B7A307F0077B112 /* AppDelegate.swift */; };
		2653BB192B7A307F0077B112 /* SceneDelegate.swift in Sources */ = {isa = PBXBuildFile; fileRef = 2653BB182B7A307F0077B112 /* SceneDelegate.swift */; };
		2653BB1B2B7A307F0077B112 /* ViewController.swift in Sources */ = {isa = PBXBuildFile; fileRef = 2653BB1A2B7A307F0077B112 /* ViewController.swift */; };
		2653BB1E2B7A307F0077B112 /* Main.storyboard in Resources */ = {isa = PBXBuildFile; fileRef = 2653BB1C2B7A307F0077B112 /* Main.storyboard */; };
		2653BB202B7A30800077B112 /* Assets.xcassets in Resources */ = {isa = PBXBuildFile; fileRef = 2653BB1F2B7A30800077B112 /* Assets.xcassets */; };
		2653BB232B7A30800077B112 /* LaunchScreen.storyboard in Resources */ = {isa = PBXBuildFile; fileRef = 2653BB212B7A30800077B112 /* LaunchScreen.storyboard */; };
		2653BB2E2B7A30800077B112 /* ComplexNaviagtionTests.swift in Sources */ = {isa = PBXBuildFile; fileRef = 2653BB2D2B7A30800077B112 /* ComplexNaviagtionTests.swift */; };
		2653BB382B7A30800077B112 /* ComplexNaviagtionUITests.swift in Sources */ = {isa = PBXBuildFile; fileRef = 2653BB372B7A30800077B112 /* ComplexNaviagtionUITests.swift */; };
		2653BB3A2B7A30800077B112 /* ComplexNaviagtionUITestsLaunchTests.swift in Sources */ = {isa = PBXBuildFile; fileRef = 2653BB392B7A30800077B112 /* ComplexNaviagtionUITestsLaunchTests.swift */; };
/* End PBXBuildFile section */

/* Begin PBXContainerItemProxy section */
		2653BB2A2B7A30800077B112 /* PBXContainerItemProxy */ = {
			isa = PBXContainerItemProxy;
			containerPortal = 2653BB0B2B7A307F0077B112 /* Project object */;
			proxyType = 1;
			remoteGlobalIDString = 2653BB122B7A307F0077B112;
			remoteInfo = ComplexNaviagtion;
		};
		2653BB342B7A30800077B112 /* PBXContainerItemProxy */ = {
			isa = PBXContainerItemProxy;
			containerPortal = 2653BB0B2B7A307F0077B112 /* Project object */;
			proxyType = 1;
			remoteGlobalIDString = 2653BB122B7A307F0077B112;
			remoteInfo = ComplexNaviagtion;
		};
/* End PBXContainerItemProxy section */

/* Begin PBXFileReference section */
		2653BB132B7A307F0077B112 /* ComplexNaviagtion.app */ = {isa = PBXFileReference; explicitFileType = wrapper.application; includeInIndex = 0; path = ComplexNaviagtion.app; sourceTree = BUILT_PRODUCTS_DIR; };
		2653BB162B7A307F0077B112 /* AppDelegate.swift */ = {isa = PBXFileReference; lastKnownFileType = sourcecode.swift; path = AppDelegate.swift; sourceTree = "<group>"; };
		2653BB182B7A307F0077B112 /* SceneDelegate.swift */ = {isa = PBXFileReference; lastKnownFileType = sourcecode.swift; path = SceneDelegate.swift; sourceTree = "<group>"; };
		2653BB1A2B7A307F0077B112 /* ViewController.swift */ = {isa = PBXFileReference; lastKnownFileType = sourcecode.swift; path = ViewController.swift; sourceTree = "<group>"; };
		2653BB1D2B7A307F0077B112 /* Base */ = {isa = PBXFileReference; lastKnownFileType = file.storyboard; name = Base; path = Base.lproj/Main.storyboard; sourceTree = "<group>"; };
		2653BB1F2B7A30800077B112 /* Assets.xcassets */ = {isa = PBXFileReference; lastKnownFileType = folder.assetcatalog; path = Assets.xcassets; sourceTree = "<group>"; };
		2653BB222B7A30800077B112 /* Base */ = {isa = PBXFileReference; lastKnownFileType = file.storyboard; name = Base; path = Base.lproj/LaunchScreen.storyboard; sourceTree = "<group>"; };
		2653BB242B7A30800077B112 /* Info.plist */ = {isa = PBXFileReference; lastKnownFileType = text.plist.xml; path = Info.plist; sourceTree = "<group>"; };
		2653BB292B7A30800077B112 /* ComplexNaviagtionTests.xctest */ = {isa = PBXFileReference; explicitFileType = wrapper.cfbundle; includeInIndex = 0; path = ComplexNaviagtionTests.xctest; sourceTree = BUILT_PRODUCTS_DIR; };
		2653BB2D2B7A30800077B112 /* ComplexNaviagtionTests.swift */ = {isa = PBXFileReference; lastKnownFileType = sourcecode.swift; path = ComplexNaviagtionTests.swift; sourceTree = "<group>"; };
		2653BB332B7A30800077B112 /* ComplexNaviagtionUITests.xctest */ = {isa = PBXFileReference; explicitFileType = wrapper.cfbundle; includeInIndex = 0; path = ComplexNaviagtionUITests.xctest; sourceTree = BUILT_PRODUCTS_DIR; };
		2653BB372B7A30800077B112 /* ComplexNaviagtionUITests.swift */ = {isa = PBXFileReference; lastKnownFileType = sourcecode.swift; path = ComplexNaviagtionUITests.swift; sourceTree = "<group>"; };
		2653BB392B7A30800077B112 /* ComplexNaviagtionUITestsLaunchTests.swift */ = {isa = PBXFileReference; lastKnownFileType = sourcecode.swift; path = ComplexNaviagtionUITestsLaunchTests.swift; sourceTree = "<group>"; };
/* End PBXFileReference section */

/* Begin PBXFrameworksBuildPhase section */
		2653BB102B7A307F0077B112 /* Frameworks */ = {
			isa = PBXFrameworksBuildPhase;
			buildActionMask = 2147483647;
			files = (
			);
			runOnlyForDeploymentPostprocessing = 0;
		};
		2653BB262B7A30800077B112 /* Frameworks */ = {
			isa = PBXFrameworksBuildPhase;
			buildActionMask = 2147483647;
			files = (
			);
			runOnlyForDeploymentPostprocessing = 0;
		};
		2653BB302B7A30800077B112 /* Frameworks */ = {
			isa = PBXFrameworksBuildPhase;
			buildActionMask = 2147483647;
			files = (
			);
			runOnlyForDeploymentPostprocessing = 0;
		};
/* End PBXFrameworksBuildPhase section */

/* Begin PBXGroup section */
		2653BB0A2B7A307F0077B112 = {
			isa = PBXGroup;
			children = (
				2653BB152B7A307F0077B112 /* ComplexNaviagtion */,
				2653BB2C2B7A30800077B112 /* ComplexNaviagtionTests */,
				2653BB362B7A30800077B112 /* ComplexNaviagtionUITests */,
				2653BB142B7A307F0077B112 /* Products */,
			);
			sourceTree = "<group>";
		};
		2653BB142B7A307F0077B112 /* Products */ = {
			isa = PBXGroup;
			children = (
				2653BB132B7A307F0077B112 /* ComplexNaviagtion.app */,
				2653BB292B7A30800077B112 /* ComplexNaviagtionTests.xctest */,
				2653BB332B7A30800077B112 /* ComplexNaviagtionUITests.xctest */,
			);
			name = Products;
			sourceTree = "<group>";
		};
		2653BB152B7A307F0077B112 /* ComplexNaviagtion */ = {
			isa = PBXGroup;
			children = (
				2653BB162B7A307F0077B112 /* AppDelegate.swift */,
				2653BB182B7A307F0077B112 /* SceneDelegate.swift */,
				2653BB1A2B7A307F0077B112 /* ViewController.swift */,
				2653BB1C2B7A307F0077B112 /* Main.storyboard */,
				2653BB1F2B7A30800077B112 /* Assets.xcassets */,
				2653BB212B7A30800077B112 /* LaunchScreen.storyboard */,
				2653BB242B7A30800077B112 /* Info.plist */,
			);
			path = ComplexNaviagtion;
			sourceTree = "<group>";
		};
		2653BB2C2B7A30800077B112 /* ComplexNaviagtionTests */ = {
			isa = PBXGroup;
			children = (
				2653BB2D2B7A30800077B112 /* ComplexNaviagtionTests.swift */,
			);
			path = ComplexNaviagtionTests;
			sourceTree = "<group>";
		};
		2653BB362B7A30800077B112 /* ComplexNaviagtionUITests */ = {
			isa = PBXGroup;
			children = (
				2653BB372B7A30800077B112 /* ComplexNaviagtionUITests.swift */,
				2653BB392B7A30800077B112 /* ComplexNaviagtionUITestsLaunchTests.swift */,
			);
			path = ComplexNaviagtionUITests;
			sourceTree = "<group>";
		};
/* End PBXGroup section */

/* Begin PBXNativeTarget section */
		2653BB122B7A307F0077B112 /* ComplexNaviagtion */ = {
			isa = PBXNativeTarget;
			buildConfigurationList = 2653BB3D2B7A30800077B112 /* Build configuration list for PBXNativeTarget "ComplexNaviagtion" */;
			buildPhases = (
				2653BB0F2B7A307F0077B112 /* Sources */,
				2653BB102B7A307F0077B112 /* Frameworks */,
				2653BB112B7A307F0077B112 /* Resources */,
			);
			buildRules = (
			);
			dependencies = (
			);
			name = ComplexNaviagtion;
			productName = ComplexNaviagtion;
			productReference = 2653BB132B7A307F0077B112 /* ComplexNaviagtion.app */;
			productType = "com.apple.product-type.application";
		};
		2653BB282B7A30800077B112 /* ComplexNaviagtionTests */ = {
			isa = PBXNativeTarget;
			buildConfigurationList = 2653BB402B7A30800077B112 /* Build configuration list for PBXNativeTarget "ComplexNaviagtionTests" */;
			buildPhases = (
				2653BB252B7A30800077B112 /* Sources */,
				2653BB262B7A30800077B112 /* Frameworks */,
				2653BB272B7A30800077B112 /* Resources */,
			);
			buildRules = (
			);
			dependencies = (
				2653BB2B2B7A30800077B112 /* PBXTargetDependency */,
			);
			name = ComplexNaviagtionTests;
			productName = ComplexNaviagtionTests;
			productReference = 2653BB292B7A30800077B112 /* ComplexNaviagtionTests.xctest */;
			productType = "com.apple.product-type.bundle.unit-test";
		};
		2653BB322B7A30800077B112 /* ComplexNaviagtionUITests */ = {
			isa = PBXNativeTarget;
			buildConfigurationList = 2653BB432B7A30800077B112 /* Build configuration list for PBXNativeTarget "ComplexNaviagtionUITests" */;
			buildPhases = (
				2653BB2F2B7A30800077B112 /* Sources */,
				2653BB302B7A30800077B112 /* Frameworks */,
				2653BB312B7A30800077B112 /* Resources */,
			);
			buildRules = (
			);
			dependencies = (
				2653BB352B7A30800077B112 /* PBXTargetDependency */,
			);
			name = ComplexNaviagtionUITests;
			productName = ComplexNaviagtionUITests;
			productReference = 2653BB332B7A30800077B112 /* ComplexNaviagtionUITests.xctest */;
			productType = "com.apple.product-type.bundle.ui-testing";
		};
/* End PBXNativeTarget section */

/* Begin PBXProject section */
		2653BB0B2B7A307F0077B112 /* Project object */ = {
			isa = PBXProject;
			attributes = {
				BuildIndependentTargetsInParallel = 1;
				LastSwiftUpdateCheck = 1520;
				LastUpgradeCheck = 1520;
				TargetAttributes = {
					2653BB122B7A307F0077B112 = {
						CreatedOnToolsVersion = 15.2;
					};
					2653BB282B7A30800077B112 = {
						CreatedOnToolsVersion = 15.2;
						TestTargetID = 2653BB122B7A307F0077B112;
					};
					2653BB322B7A30800077B112 = {
						CreatedOnToolsVersion = 15.2;
						TestTargetID = 2653BB122B7A307F0077B112;
					};
				};
			};
			buildConfigurationList = 2653BB0E2B7A307F0077B112 /* Build configuration list for PBXProject "ComplexNaviagtion" */;
			compatibilityVersion = "Xcode 14.0";
			developmentRegion = en;
			hasScannedForEncodings = 0;
			knownRegions = (
				en,
				Base,
			);
			mainGroup = 2653BB0A2B7A307F0077B112;
			productRefGroup = 2653BB142B7A307F0077B112 /* Products */;
			projectDirPath = "";
			projectRoot = "";
			targets = (
				2653BB122B7A307F0077B112 /* ComplexNaviagtion */,
				2653BB282B7A30800077B112 /* ComplexNaviagtionTests */,
				2653BB322B7A30800077B112 /* ComplexNaviagtionUITests */,
			);
		};
/* End PBXProject section */

/* Begin PBXResourcesBuildPhase section */
		2653BB112B7A307F0077B112 /* Resources */ = {
			isa = PBXResourcesBuildPhase;
			buildActionMask = 2147483647;
			files = (
				2653BB232B7A30800077B112 /* LaunchScreen.storyboard in Resources */,
				2653BB202B7A30800077B112 /* Assets.xcassets in Resources */,
				2653BB1E2B7A307F0077B112 /* Main.storyboard in Resources */,
			);
			runOnlyForDeploymentPostprocessing = 0;
		};
		2653BB272B7A30800077B112 /* Resources */ = {
			isa = PBXResourcesBuildPhase;
			buildActionMask = 2147483647;
			files = (
			);
			runOnlyForDeploymentPostprocessing = 0;
		};
		2653BB312B7A30800077B112 /* Resources */ = {
			isa = PBXResourcesBuildPhase;
			buildActionMask = 2147483647;
			files = (
			);
			runOnlyForDeploymentPostprocessing = 0;
		};
/* End PBXResourcesBuildPhase section */

/* Begin PBXSourcesBuildPhase section */
		2653BB0F2B7A307F0077B112 /* Sources */ = {
			isa = PBXSourcesBuildPhase;
			buildActionMask = 2147483647;
			files = (
				2653BB1B2B7A307F0077B112 /* ViewController.swift in Sources */,
				2653BB172B7A307F0077B112 /* AppDelegate.swift in Sources */,
				2653BB192B7A307F0077B112 /* SceneDelegate.swift in Sources */,
			);
			runOnlyForDeploymentPostprocessing = 0;
		};
		2653BB252B7A30800077B112 /* Sources */ = {
			isa = PBXSourcesBuildPhase;
			buildActionMask = 2147483647;
			files = (
				2653BB2E2B7A30800077B112 /* ComplexNaviagtionTests.swift in Sources */,
			);
			runOnlyForDeploymentPostprocessing = 0;
		};
		2653BB2F2B7A30800077B112 /* Sources */ = {
			isa = PBXSourcesBuildPhase;
			buildActionMask = 2147483647;
			files = (
				2653BB382B7A30800077B112 /* ComplexNaviagtionUITests.swift in Sources */,
				2653BB3A2B7A30800077B112 /* ComplexNaviagtionUITestsLaunchTests.swift in Sources */,
			);
			runOnlyForDeploymentPostprocessing = 0;
		};
/* End PBXSourcesBuildPhase section */

/* Begin PBXTargetDependency section */
		2653BB2B2B7A30800077B112 /* PBXTargetDependency */ = {
			isa = PBXTargetDependency;
			target = 2653BB122B7A307F0077B112 /* ComplexNaviagtion */;
			targetProxy = 2653BB2A2B7A30800077B112 /* PBXContainerItemProxy */;
		};
		2653BB352B7A30800077B112 /* PBXTargetDependency */ = {
			isa = PBXTargetDependency;
			target = 2653BB122B7A307F0077B112 /* ComplexNaviagtion */;
			targetProxy = 2653BB342B7A30800077B112 /* PBXContainerItemProxy */;
		};
/* End PBXTargetDependency section */

/* Begin PBXVariantGroup section */
		2653BB1C2B7A307F0077B112 /* Main.storyboard */ = {
			isa = PBXVariantGroup;
			children = (
				2653BB1D2B7A307F0077B112 /* Base */,
			);
			name = Main.storyboard;
			sourceTree = "<group>";
		};
		2653BB212B7A30800077B112 /* LaunchScreen.storyboard */ = {
			isa = PBXVariantGroup;
			children = (
				2653BB222B7A30800077B112 /* Base */,
			);
			name = LaunchScreen.storyboard;
			sourceTree = "<group>";
		};
/* End PBXVariantGroup section */

/* Begin XCBuildConfiguration section */
		2653BB3B2B7A30800077B112 /* Debug */ = {
			isa = XCBuildConfiguration;
			buildSettings = {
				ALWAYS_SEARCH_USER_PATHS = NO;
				ASSETCATALOG_COMPILER_GENERATE_SWIFT_ASSET_SYMBOL_EXTENSIONS = YES;
				CLANG_ANALYZER_NONNULL = YES;
				CLANG_ANALYZER_NUMBER_OBJECT_CONVERSION = YES_AGGRESSIVE;
				CLANG_CXX_LANGUAGE_STANDARD = "gnu++20";
				CLANG_ENABLE_MODULES = YES;
				CLANG_ENABLE_OBJC_ARC = YES;
				CLANG_ENABLE_OBJC_WEAK = YES;
				CLANG_WARN_BLOCK_CAPTURE_AUTORELEASING = YES;
				CLANG_WARN_BOOL_CONVERSION = YES;
				CLANG_WARN_COMMA = YES;
				CLANG_WARN_CONSTANT_CONVERSION = YES;
				CLANG_WARN_DEPRECATED_OBJC_IMPLEMENTATIONS = YES;
				CLANG_WARN_DIRECT_OBJC_ISA_USAGE = YES_ERROR;
				CLANG_WARN_DOCUMENTATION_COMMENTS = YES;
				CLANG_WARN_EMPTY_BODY = YES;
				CLANG_WARN_ENUM_CONVERSION = YES;
				CLANG_WARN_INFINITE_RECURSION = YES;
				CLANG_WARN_INT_CONVERSION = YES;
				CLANG_WARN_NON_LITERAL_NULL_CONVERSION = YES;
				CLANG_WARN_OBJC_IMPLICIT_RETAIN_SELF = YES;
				CLANG_WARN_OBJC_LITERAL_CONVERSION = YES;
				CLANG_WARN_OBJC_ROOT_CLASS = YES_ERROR;
				CLANG_WARN_QUOTED_INCLUDE_IN_FRAMEWORK_HEADER = YES;
				CLANG_WARN_RANGE_LOOP_ANALYSIS = YES;
				CLANG_WARN_STRICT_PROTOTYPES = YES;
				CLANG_WARN_SUSPICIOUS_MOVE = YES;
				CLANG_WARN_UNGUARDED_AVAILABILITY = YES_AGGRESSIVE;
				CLANG_WARN_UNREACHABLE_CODE = YES;
				CLANG_WARN__DUPLICATE_METHOD_MATCH = YES;
				COPY_PHASE_STRIP = NO;
				DEBUG_INFORMATION_FORMAT = dwarf;
				ENABLE_STRICT_OBJC_MSGSEND = YES;
				ENABLE_TESTABILITY = YES;
				ENABLE_USER_SCRIPT_SANDBOXING = YES;
				GCC_C_LANGUAGE_STANDARD = gnu17;
				GCC_DYNAMIC_NO_PIC = NO;
				GCC_NO_COMMON_BLOCKS = YES;
				GCC_OPTIMIZATION_LEVEL = 0;
				GCC_PREPROCESSOR_DEFINITIONS = (
					"DEBUG=1",
					"$(inherited)",
				);
				GCC_WARN_64_TO_32_BIT_CONVERSION = YES;
				GCC_WARN_ABOUT_RETURN_TYPE = YES_ERROR;
				GCC_WARN_UNDECLARED_SELECTOR = YES;
				GCC_WARN_UNINITIALIZED_AUTOS = YES_AGGRESSIVE;
				GCC_WARN_UNUSED_FUNCTION = YES;
				GCC_WARN_UNUSED_VARIABLE = YES;
				IPHONEOS_DEPLOYMENT_TARGET = 17.2;
				LOCALIZATION_PREFERS_STRING_CATALOGS = YES;
				MTL_ENABLE_DEBUG_INFO = INCLUDE_SOURCE;
				MTL_FAST_MATH = YES;
				ONLY_ACTIVE_ARCH = YES;
				SDKROOT = iphoneos;
				SWIFT_ACTIVE_COMPILATION_CONDITIONS = "DEBUG $(inherited)";
				SWIFT_OPTIMIZATION_LEVEL = "-Onone";
			};
			name = Debug;
		};
		2653BB3C2B7A30800077B112 /* Release */ = {
			isa = XCBuildConfiguration;
			buildSettings = {
				ALWAYS_SEARCH_USER_PATHS = NO;
				ASSETCATALOG_COMPILER_GENERATE_SWIFT_ASSET_SYMBOL_EXTENSIONS = YES;
				CLANG_ANALYZER_NONNULL = YES;
				CLANG_ANALYZER_NUMBER_OBJECT_CONVERSION = YES_AGGRESSIVE;
				CLANG_CXX_LANGUAGE_STANDARD = "gnu++20";
				CLANG_ENABLE_MODULES = YES;
				CLANG_ENABLE_OBJC_ARC = YES;
				CLANG_ENABLE_OBJC_WEAK = YES;
				CLANG_WARN_BLOCK_CAPTURE_AUTORELEASING = YES;
				CLANG_WARN_BOOL_CONVERSION = YES;
				CLANG_WARN_COMMA = YES;
				CLANG_WARN_CONSTANT_CONVERSION = YES;
				CLANG_WARN_DEPRECATED_OBJC_IMPLEMENTATIONS = YES;
				CLANG_WARN_DIRECT_OBJC_ISA_USAGE = YES_ERROR;
				CLANG_WARN_DOCUMENTATION_COMMENTS = YES;
				CLANG_WARN_EMPTY_BODY = YES;
				CLANG_WARN_ENUM_CONVERSION = YES;
				CLANG_WARN_INFINITE_RECURSION = YES;
				CLANG_WARN_INT_CONVERSION = YES;
				CLANG_WARN_NON_LITERAL_NULL_CONVERSION = YES;
				CLANG_WARN_OBJC_IMPLICIT_RETAIN_SELF = YES;
				CLANG_WARN_OBJC_LITERAL_CONVERSION = YES;
				CLANG_WARN_OBJC_ROOT_CLASS = YES_ERROR;
				CLANG_WARN_QUOTED_INCLUDE_IN_FRAMEWORK_HEADER = YES;
				CLANG_WARN_RANGE_LOOP_ANALYSIS = YES;
				CLANG_WARN_STRICT_PROTOTYPES = YES;
				CLANG_WARN_SUSPICIOUS_MOVE = YES;
				CLANG_WARN_UNGUARDED_AVAILABILITY = YES_AGGRESSIVE;
				CLANG_WARN_UNREACHABLE_CODE = YES;
				CLANG_WARN__DUPLICATE_METHOD_MATCH = YES;
				COPY_PHASE_STRIP = NO;
				DEBUG_INFORMATION_FORMAT = "dwarf-with-dsym";
				ENABLE_NS_ASSERTIONS = NO;
				ENABLE_STRICT_OBJC_MSGSEND = YES;
				ENABLE_USER_SCRIPT_SANDBOXING = YES;
				GCC_C_LANGUAGE_STANDARD = gnu17;
				GCC_NO_COMMON_BLOCKS = YES;
				GCC_WARN_64_TO_32_BIT_CONVERSION = YES;
				GCC_WARN_ABOUT_RETURN_TYPE = YES_ERROR;
				GCC_WARN_UNDECLARED_SELECTOR = YES;
				GCC_WARN_UNINITIALIZED_AUTOS = YES_AGGRESSIVE;
				GCC_WARN_UNUSED_FUNCTION = YES;
				GCC_WARN_UNUSED_VARIABLE = YES;
				IPHONEOS_DEPLOYMENT_TARGET = 17.2;
				LOCALIZATION_PREFERS_STRING_CATALOGS = YES;
				MTL_ENABLE_DEBUG_INFO = NO;
				MTL_FAST_MATH = YES;
				SDKROOT = iphoneos;
				SWIFT_COMPILATION_MODE = wholemodule;
				VALIDATE_PRODUCT = YES;
			};
			name = Release;
		};
		2653BB3E2B7A30800077B112 /* Debug */ = {
			isa = XCBuildConfiguration;
			buildSettings = {
				ASSETCATALOG_COMPILER_APPICON_NAME = AppIcon;
				ASSETCATALOG_COMPILER_GLOBAL_ACCENT_COLOR_NAME = AccentColor;
				CODE_SIGN_STYLE = Automatic;
				CURRENT_PROJECT_VERSION = 1;
				DEVELOPMENT_TEAM = FKCB6LBR4L;
				GENERATE_INFOPLIST_FILE = YES;
				INFOPLIST_FILE = ComplexNaviagtion/Info.plist;
				INFOPLIST_KEY_UIApplicationSupportsIndirectInputEvents = YES;
				INFOPLIST_KEY_UILaunchStoryboardName = LaunchScreen;
				INFOPLIST_KEY_UIMainStoryboardFile = Main;
				INFOPLIST_KEY_UISupportedInterfaceOrientations_iPad = "UIInterfaceOrientationPortrait UIInterfaceOrientationPortraitUpsideDown UIInterfaceOrientationLandscapeLeft UIInterfaceOrientationLandscapeRight";
				INFOPLIST_KEY_UISupportedInterfaceOrientations_iPhone = "UIInterfaceOrientationPortrait UIInterfaceOrientationLandscapeLeft UIInterfaceOrientationLandscapeRight";
				LD_RUNPATH_SEARCH_PATHS = (
					"$(inherited)",
					"@executable_path/Frameworks",
				);
				MARKETING_VERSION = 1.0;
				PRODUCT_BUNDLE_IDENTIFIER = com.isathya.ComplexNaviagtion;
				PRODUCT_NAME = "$(TARGET_NAME)";
				SWIFT_EMIT_LOC_STRINGS = YES;
				SWIFT_VERSION = 5.0;
				TARGETED_DEVICE_FAMILY = "1,2";
			};
			name = Debug;
		};
		2653BB3F2B7A30800077B112 /* Release */ = {
			isa = XCBuildConfiguration;
			buildSettings = {
				ASSETCATALOG_COMPILER_APPICON_NAME = AppIcon;
				ASSETCATALOG_COMPILER_GLOBAL_ACCENT_COLOR_NAME = AccentColor;
				CODE_SIGN_STYLE = Automatic;
				CURRENT_PROJECT_VERSION = 1;
				DEVELOPMENT_TEAM = FKCB6LBR4L;
				GENERATE_INFOPLIST_FILE = YES;
				INFOPLIST_FILE = ComplexNaviagtion/Info.plist;
				INFOPLIST_KEY_UIApplicationSupportsIndirectInputEvents = YES;
				INFOPLIST_KEY_UILaunchStoryboardName = LaunchScreen;
				INFOPLIST_KEY_UIMainStoryboardFile = Main;
				INFOPLIST_KEY_UISupportedInterfaceOrientations_iPad = "UIInterfaceOrientationPortrait UIInterfaceOrientationPortraitUpsideDown UIInterfaceOrientationLandscapeLeft UIInterfaceOrientationLandscapeRight";
				INFOPLIST_KEY_UISupportedInterfaceOrientations_iPhone = "UIInterfaceOrientationPortrait UIInterfaceOrientationLandscapeLeft UIInterfaceOrientationLandscapeRight";
				LD_RUNPATH_SEARCH_PATHS = (
					"$(inherited)",
					"@executable_path/Frameworks",
				);
				MARKETING_VERSION = 1.0;
				PRODUCT_BUNDLE_IDENTIFIER = com.isathya.ComplexNaviagtion;
				PRODUCT_NAME = "$(TARGET_NAME)";
				SWIFT_EMIT_LOC_STRINGS = YES;
				SWIFT_VERSION = 5.0;
				TARGETED_DEVICE_FAMILY = "1,2";
			};
			name = Release;
		};
		2653BB412B7A30800077B112 /* Debug */ = {
			isa = XCBuildConfiguration;
			buildSettings = {
				ALWAYS_EMBED_SWIFT_STANDARD_LIBRARIES = YES;
				BUNDLE_LOADER = "$(TEST_HOST)";
				CODE_SIGN_STYLE = Automatic;
				CURRENT_PROJECT_VERSION = 1;
				DEVELOPMENT_TEAM = FKCB6LBR4L;
				GENERATE_INFOPLIST_FILE = YES;
				IPHONEOS_DEPLOYMENT_TARGET = 17.2;
				MARKETING_VERSION = 1.0;
				PRODUCT_BUNDLE_IDENTIFIER = com.isathya.ComplexNaviagtionTests;
				PRODUCT_NAME = "$(TARGET_NAME)";
				SWIFT_EMIT_LOC_STRINGS = NO;
				SWIFT_VERSION = 5.0;
				TARGETED_DEVICE_FAMILY = "1,2";
				TEST_HOST = "$(BUILT_PRODUCTS_DIR)/ComplexNaviagtion.app/$(BUNDLE_EXECUTABLE_FOLDER_PATH)/ComplexNaviagtion";
			};
			name = Debug;
		};
		2653BB422B7A30800077B112 /* Release */ = {
			isa = XCBuildConfiguration;
			buildSettings = {
				ALWAYS_EMBED_SWIFT_STANDARD_LIBRARIES = YES;
				BUNDLE_LOADER = "$(TEST_HOST)";
				CODE_SIGN_STYLE = Automatic;
				CURRENT_PROJECT_VERSION = 1;
				DEVELOPMENT_TEAM = FKCB6LBR4L;
				GENERATE_INFOPLIST_FILE = YES;
				IPHONEOS_DEPLOYMENT_TARGET = 17.2;
				MARKETING_VERSION = 1.0;
				PRODUCT_BUNDLE_IDENTIFIER = com.isathya.ComplexNaviagtionTests;
				PRODUCT_NAME = "$(TARGET_NAME)";
				SWIFT_EMIT_LOC_STRINGS = NO;
				SWIFT_VERSION = 5.0;
				TARGETED_DEVICE_FAMILY = "1,2";
				TEST_HOST = "$(BUILT_PRODUCTS_DIR)/ComplexNaviagtion.app/$(BUNDLE_EXECUTABLE_FOLDER_PATH)/ComplexNaviagtion";
			};
			name = Release;
		};
		2653BB442B7A30800077B112 /* Debug */ = {
			isa = XCBuildConfiguration;
			buildSettings = {
				ALWAYS_EMBED_SWIFT_STANDARD_LIBRARIES = YES;
				CODE_SIGN_STYLE = Automatic;
				CURRENT_PROJECT_VERSION = 1;
				DEVELOPMENT_TEAM = FKCB6LBR4L;
				GENERATE_INFOPLIST_FILE = YES;
				MARKETING_VERSION = 1.0;
				PRODUCT_BUNDLE_IDENTIFIER = com.isathya.ComplexNaviagtionUITests;
				PRODUCT_NAME = "$(TARGET_NAME)";
				SWIFT_EMIT_LOC_STRINGS = NO;
				SWIFT_VERSION = 5.0;
				TARGETED_DEVICE_FAMILY = "1,2";
				TEST_TARGET_NAME = ComplexNaviagtion;
			};
			name = Debug;
		};
		2653BB452B7A30800077B112 /* Release */ = {
			isa = XCBuildConfiguration;
			buildSettings = {
				ALWAYS_EMBED_SWIFT_STANDARD_LIBRARIES = YES;
				CODE_SIGN_STYLE = Automatic;
				CURRENT_PROJECT_VERSION = 1;
				DEVELOPMENT_TEAM = FKCB6LBR4L;
				GENERATE_INFOPLIST_FILE = YES;
				MARKETING_VERSION = 1.0;
				PRODUCT_BUNDLE_IDENTIFIER = com.isathya.ComplexNaviagtionUITests;
				PRODUCT_NAME = "$(TARGET_NAME)";
				SWIFT_EMIT_LOC_STRINGS = NO;
				SWIFT_VERSION = 5.0;
				TARGETED_DEVICE_FAMILY = "1,2";
				TEST_TARGET_NAME = ComplexNaviagtion;
			};
			name = Release;
		};
/* End XCBuildConfiguration section */

/* Begin XCConfigurationList section */
		2653BB0E2B7A307F0077B112 /* Build configuration list for PBXProject "ComplexNaviagtion" */ = {
			isa = XCConfigurationList;
			buildConfigurations = (
				2653BB3B2B7A30800077B112 /* Debug */,
				2653BB3C2B7A30800077B112 /* Release */,
			);
			defaultConfigurationIsVisible = 0;
			defaultConfigurationName = Release;
		};
		2653BB3D2B7A30800077B112 /* Build configuration list for PBXNativeTarget "ComplexNaviagtion" */ = {
			isa = XCConfigurationList;
			buildConfigurations = (
				2653BB3E2B7A30800077B112 /* Debug */,
				2653BB3F2B7A30800077B112 /* Release */,
			);
			defaultConfigurationIsVisible = 0;
			defaultConfigurationName = Release;
		};
		2653BB402B7A30800077B112 /* Build configuration list for PBXNativeTarget "ComplexNaviagtionTests" */ = {
			isa = XCConfigurationList;
			buildConfigurations = (
				2653BB412B7A30800077B112 /* Debug */,
				2653BB422B7A30800077B112 /* Release */,
			);
			defaultConfigurationIsVisible = 0;
			defaultConfigurationName = Release;
		};
		2653BB432B7A30800077B112 /* Build configuration list for PBXNativeTarget "ComplexNaviagtionUITests" */ = {
			isa = XCConfigurationList;
			buildConfigurations = (
				2653BB442B7A30800077B112 /* Debug */,
				2653BB452B7A30800077B112 /* Release */,
			);
			defaultConfigurationIsVisible = 0;
			defaultConfigurationName = Release;
		};
/* End XCConfigurationList section */
	};
	rootObject = 2653BB0B2B7A307F0077B112 /* Project object */;
}
